
Microsoft Visual Studio Solution File, Format Version 12.00
# Visual Studio Version 17
VisualStudioVersion = 17.5.002.0
MinimumVisualStudioVersion = 10.0.40219.1
Project("{9A19103F-16F7-4668-BE54-9A1E7A4F7556}") = "tipos-de-dados", "tipos-de-dados\tipos-de-dados.csproj", "{4DF84C4A-BA35-44DF-8FAC-FC86AA6CFD95}"
EndProject
Global
	GlobalSection(SolutionConfigurationPlatforms) = preSolution
		Debug|Any CPU = Debug|Any CPU
		Release|Any CPU = Release|Any CPU
	EndGlobalSection
	GlobalSection(ProjectConfigurationPlatforms) = postSolution
		{4DF84C4A-BA35-44DF-8FAC-FC86AA6CFD95}.Debug|Any CPU.ActiveCfg = Debug|Any CPU
		{4DF84C4A-BA35-44DF-8FAC-FC86AA6CFD95}.Debug|Any CPU.Build.0 = Debug|Any CPU
		{4DF84C4A-BA35-44DF-8FAC-FC86AA6CFD95}.Release|Any CPU.ActiveCfg = Release|Any CPU
		{4DF84C4A-BA35-44DF-8FAC-FC86AA6CFD95}.Release|Any CPU.Build.0 = Release|Any CPU
	EndGlobalSection
	GlobalSection(SolutionProperties) = preSolution
		HideSolutionNode = FALSE
	EndGlobalSection
	GlobalSection(ExtensibilityGlobals) = postSolution
		SolutionGuid = {0EE09AE9-14C6-42AB-A844-0C830F0B6E26}
	EndGlobalSection
EndGlobal
