
Microsoft Visual Studio Solution File, Format Version 12.00
# Visual Studio Version 17
VisualStudioVersion = 17.5.002.0
MinimumVisualStudioVersion = 10.0.40219.1
Project("{9A19103F-16F7-4668-BE54-9A1E7A4F7556}") = "tipos-de-dados", "tipos-de-dados.csproj", "{8CB478E5-E1AF-409A-B213-850B639D939D}"
EndProject
Global
	GlobalSection(SolutionConfigurationPlatforms) = preSolution
		Debug|Any CPU = Debug|Any CPU
		Release|Any CPU = Release|Any CPU
	EndGlobalSection
	GlobalSection(ProjectConfigurationPlatforms) = postSolution
		{8CB478E5-E1AF-409A-B213-850B639D939D}.Debug|Any CPU.ActiveCfg = Debug|Any CPU
		{8CB478E5-E1AF-409A-B213-850B639D939D}.Debug|Any CPU.Build.0 = Debug|Any CPU
		{8CB478E5-E1AF-409A-B213-850B639D939D}.Release|Any CPU.ActiveCfg = Release|Any CPU
		{8CB478E5-E1AF-409A-B213-850B639D939D}.Release|Any CPU.Build.0 = Release|Any CPU
	EndGlobalSection
	GlobalSection(SolutionProperties) = preSolution
		HideSolutionNode = FALSE
	EndGlobalSection
	GlobalSection(ExtensibilityGlobals) = postSolution
		SolutionGuid = {3613A013-367A-4D2D-85F3-D51CB72EFF07}
	EndGlobalSection
EndGlobal
