
Microsoft Visual Studio Solution File, Format Version 12.00
# Visual Studio Version 17
VisualStudioVersion = 17.5.002.0
MinimumVisualStudioVersion = 10.0.40219.1
Project("{9A19103F-16F7-4668-BE54-9A1E7A4F7556}") = "3.calculadora", "3.calculadora.csproj", "{8EAA5849-D3FA-430E-BAAE-F21CECE214C2}"
EndProject
Global
	GlobalSection(SolutionConfigurationPlatforms) = preSolution
		Debug|Any CPU = Debug|Any CPU
		Release|Any CPU = Release|Any CPU
	EndGlobalSection
	GlobalSection(ProjectConfigurationPlatforms) = postSolution
		{8EAA5849-D3FA-430E-BAAE-F21CECE214C2}.Debug|Any CPU.ActiveCfg = Debug|Any CPU
		{8EAA5849-D3FA-430E-BAAE-F21CECE214C2}.Debug|Any CPU.Build.0 = Debug|Any CPU
		{8EAA5849-D3FA-430E-BAAE-F21CECE214C2}.Release|Any CPU.ActiveCfg = Release|Any CPU
		{8EAA5849-D3FA-430E-BAAE-F21CECE214C2}.Release|Any CPU.Build.0 = Release|Any CPU
	EndGlobalSection
	GlobalSection(SolutionProperties) = preSolution
		HideSolutionNode = FALSE
	EndGlobalSection
	GlobalSection(ExtensibilityGlobals) = postSolution
		SolutionGuid = {05286982-D27C-4E18-B214-4ABA2463C6A3}
	EndGlobalSection
EndGlobal
