
Microsoft Visual Studio Solution File, Format Version 12.00
# Visual Studio Version 17
VisualStudioVersion = 17.5.002.0
MinimumVisualStudioVersion = 10.0.40219.1
Project("{9A19103F-16F7-4668-BE54-9A1E7A4F7556}") = "operadores", "operadores.csproj", "{3B86C507-C89A-4DE0-A407-D489AB6D640E}"
EndProject
Global
	GlobalSection(SolutionConfigurationPlatforms) = preSolution
		Debug|Any CPU = Debug|Any CPU
		Release|Any CPU = Release|Any CPU
	EndGlobalSection
	GlobalSection(ProjectConfigurationPlatforms) = postSolution
		{3B86C507-C89A-4DE0-A407-D489AB6D640E}.Debug|Any CPU.ActiveCfg = Debug|Any CPU
		{3B86C507-C89A-4DE0-A407-D489AB6D640E}.Debug|Any CPU.Build.0 = Debug|Any CPU
		{3B86C507-C89A-4DE0-A407-D489AB6D640E}.Release|Any CPU.ActiveCfg = Release|Any CPU
		{3B86C507-C89A-4DE0-A407-D489AB6D640E}.Release|Any CPU.Build.0 = Release|Any CPU
	EndGlobalSection
	GlobalSection(SolutionProperties) = preSolution
		HideSolutionNode = FALSE
	EndGlobalSection
	GlobalSection(ExtensibilityGlobals) = postSolution
		SolutionGuid = {C05C5857-208E-41C1-815C-E2F7B9EA06B0}
	EndGlobalSection
EndGlobal
